{
  "name": "mock-generator",
  "version": "1.0.0",
  "lockfileVersion": 2,
  "requires": true,
  "packages": {
    "": {
      "name": "mock-generator",
      "version": "1.0.0",
      "license": "ISC",
      "dependencies": {
        "cli-spinners": "^2.8.0"
      }
    },
    "node_modules/cli-spinners": {
      "version": "2.8.0",
      "resolved": "https://registry.npmjs.org/cli-spinners/-/cli-spinners-2.8.0.tgz",
      "integrity": "sha512-/eG5sJcvEIwxcdYM86k5tPwn0MUzkX5YY3eImTGpJOZgVe4SdTMY14vQpcxgBzJ0wXwAYrS8E+c3uHeK4JNyzQ==",
      "engines": {
        "node": ">=6"
      },
      "funding": {
        "url": "https://github.com/sponsors/sindresorhus"
      }
    }
  },
  "dependencies": {
    "cli-spinners": {
      "version": "2.8.0",
      "resolved": "https://registry.npmjs.org/cli-spinners/-/cli-spinners-2.8.0.tgz",
      "integrity": "sha512-/eG5sJcvEIwxcdYM86k5tPwn0MUzkX5YY3eImTGpJOZgVe4SdTMY14vQpcxgBzJ0wXwAYrS8E+c3uHeK4JNyzQ=="
    }
  }
}
